# This file is autogenerated, do not edit; changes may be undone by the next 'dep ensure'.


[[projects]]
  branch = "master"
  name = "github.com/apex/go-apex"
  packages = ["."]
  revision = "6e19883b04761c5930e32bf2f80e02ad0e3a1d4e"

[solve-meta]
  analyzer-name = "dep"
  analyzer-version = 1
  inputs-digest = "21a1aa6406005f0362613c0baa61414982f64bc9aafd26ef6e55b11bcc81d418"
  solver-name = "gps-cdcl"
  solver-version = 1
